
Microsoft Visual Studio Solution File, Format Version 12.00
# Visual Studio Version 17
VisualStudioVersion = 17.0.32112.339
MinimumVisualStudioVersion = 10.0.40219.1
Project("{FAE04EC0-301F-11D3-BF4B-00C04F79EFBC}") = "FullAoutomation_todorvachev_01", "FullAoutomation_todorvachev_01.csproj", "{0658155F-ECA5-4642-9220-A4372A263247}"
EndProject
Global
	GlobalSection(SolutionConfigurationPlatforms) = preSolution
		Debug|Any CPU = Debug|Any CPU
		Release|Any CPU = Release|Any CPU
	EndGlobalSection
	GlobalSection(ProjectConfigurationPlatforms) = postSolution
		{0658155F-ECA5-4642-9220-A4372A263247}.Debug|Any CPU.ActiveCfg = Debug|Any CPU
		{0658155F-ECA5-4642-9220-A4372A263247}.Debug|Any CPU.Build.0 = Debug|Any CPU
		{0658155F-ECA5-4642-9220-A4372A263247}.Release|Any CPU.ActiveCfg = Release|Any CPU
		{0658155F-ECA5-4642-9220-A4372A263247}.Release|Any CPU.Build.0 = Release|Any CPU
	EndGlobalSection
	GlobalSection(SolutionProperties) = preSolution
		HideSolutionNode = FALSE
	EndGlobalSection
	GlobalSection(ExtensibilityGlobals) = postSolution
		SolutionGuid = {B0B12DDD-6F08-4172-8B20-3B436C7D6412}
	EndGlobalSection
EndGlobal
